
Microsoft Visual Studio Solution File, Format Version 12.00
# Visual Studio 15
VisualStudioVersion = 15.0.28307.421
MinimumVisualStudioVersion = 10.0.40219.1
Project("{262852C6-CD72-467D-83FE-5EEB1973A190}") = "Legyen_on_is_Miliomos", "Legyen_on_is_Miliomos\Legyen_on_is_Miliomos.jsproj", "{ED927B89-2464-4B91-BCE0-184D6F99E957}"
EndProject
Global
	GlobalSection(SolutionConfigurationPlatforms) = preSolution
		Debug|Android = Debug|Android
		Debug|iOS = Debug|iOS
		Debug|Windows-ARM = Debug|Windows-ARM
		Debug|Windows-x64 = Debug|Windows-x64
		Debug|Windows-x86 = Debug|Windows-x86
		Legyen|Android = Legyen|Android
		Legyen|iOS = Legyen|iOS
		Legyen|Windows-ARM = Legyen|Windows-ARM
		Legyen|Windows-x64 = Legyen|Windows-x64
		Legyen|Windows-x86 = Legyen|Windows-x86
		Release|Android = Release|Android
		Release|iOS = Release|iOS
		Release|Windows-ARM = Release|Windows-ARM
		Release|Windows-x64 = Release|Windows-x64
		Release|Windows-x86 = Release|Windows-x86
	EndGlobalSection
	GlobalSection(ProjectConfigurationPlatforms) = postSolution
		{ED927B89-2464-4B91-BCE0-184D6F99E957}.Debug|Android.ActiveCfg = Debug|Android
		{ED927B89-2464-4B91-BCE0-184D6F99E957}.Debug|Android.Build.0 = Debug|Android
		{ED927B89-2464-4B91-BCE0-184D6F99E957}.Debug|Android.Deploy.0 = Debug|Android
		{ED927B89-2464-4B91-BCE0-184D6F99E957}.Debug|iOS.ActiveCfg = Debug|iOS
		{ED927B89-2464-4B91-BCE0-184D6F99E957}.Debug|iOS.Build.0 = Debug|iOS
		{ED927B89-2464-4B91-BCE0-184D6F99E957}.Debug|iOS.Deploy.0 = Debug|iOS
		{ED927B89-2464-4B91-BCE0-184D6F99E957}.Debug|Windows-ARM.ActiveCfg = Debug|Windows-ARM
		{ED927B89-2464-4B91-BCE0-184D6F99E957}.Debug|Windows-ARM.Build.0 = Debug|Windows-ARM
		{ED927B89-2464-4B91-BCE0-184D6F99E957}.Debug|Windows-ARM.Deploy.0 = Debug|Windows-ARM
		{ED927B89-2464-4B91-BCE0-184D6F99E957}.Debug|Windows-x64.ActiveCfg = Debug|Windows-x64
		{ED927B89-2464-4B91-BCE0-184D6F99E957}.Debug|Windows-x64.Build.0 = Debug|Windows-x64
		{ED927B89-2464-4B91-BCE0-184D6F99E957}.Debug|Windows-x64.Deploy.0 = Debug|Windows-x64
		{ED927B89-2464-4B91-BCE0-184D6F99E957}.Debug|Windows-x86.ActiveCfg = Debug|Windows-x86
		{ED927B89-2464-4B91-BCE0-184D6F99E957}.Debug|Windows-x86.Build.0 = Debug|Windows-x86
		{ED927B89-2464-4B91-BCE0-184D6F99E957}.Debug|Windows-x86.Deploy.0 = Debug|Windows-x86
		{ED927B89-2464-4B91-BCE0-184D6F99E957}.Legyen|Android.ActiveCfg = Legyen|Android
		{ED927B89-2464-4B91-BCE0-184D6F99E957}.Legyen|Android.Build.0 = Legyen|Android
		{ED927B89-2464-4B91-BCE0-184D6F99E957}.Legyen|Android.Deploy.0 = Legyen|Android
		{ED927B89-2464-4B91-BCE0-184D6F99E957}.Legyen|iOS.ActiveCfg = Legyen|iOS
		{ED927B89-2464-4B91-BCE0-184D6F99E957}.Legyen|iOS.Build.0 = Legyen|iOS
		{ED927B89-2464-4B91-BCE0-184D6F99E957}.Legyen|iOS.Deploy.0 = Legyen|iOS
		{ED927B89-2464-4B91-BCE0-184D6F99E957}.Legyen|Windows-ARM.ActiveCfg = Legyen|Windows-ARM
		{ED927B89-2464-4B91-BCE0-184D6F99E957}.Legyen|Windows-ARM.Build.0 = Legyen|Windows-ARM
		{ED927B89-2464-4B91-BCE0-184D6F99E957}.Legyen|Windows-ARM.Deploy.0 = Legyen|Windows-ARM
		{ED927B89-2464-4B91-BCE0-184D6F99E957}.Legyen|Windows-x64.ActiveCfg = Legyen|Windows-x64
		{ED927B89-2464-4B91-BCE0-184D6F99E957}.Legyen|Windows-x64.Build.0 = Legyen|Windows-x64
		{ED927B89-2464-4B91-BCE0-184D6F99E957}.Legyen|Windows-x64.Deploy.0 = Legyen|Windows-x64
		{ED927B89-2464-4B91-BCE0-184D6F99E957}.Legyen|Windows-x86.ActiveCfg = Legyen|Windows-x86
		{ED927B89-2464-4B91-BCE0-184D6F99E957}.Legyen|Windows-x86.Build.0 = Legyen|Windows-x86
		{ED927B89-2464-4B91-BCE0-184D6F99E957}.Legyen|Windows-x86.Deploy.0 = Legyen|Windows-x86
		{ED927B89-2464-4B91-BCE0-184D6F99E957}.Release|Android.ActiveCfg = Release|Android
		{ED927B89-2464-4B91-BCE0-184D6F99E957}.Release|Android.Build.0 = Release|Android
		{ED927B89-2464-4B91-BCE0-184D6F99E957}.Release|Android.Deploy.0 = Release|Android
		{ED927B89-2464-4B91-BCE0-184D6F99E957}.Release|iOS.ActiveCfg = Release|iOS
		{ED927B89-2464-4B91-BCE0-184D6F99E957}.Release|iOS.Build.0 = Release|iOS
		{ED927B89-2464-4B91-BCE0-184D6F99E957}.Release|iOS.Deploy.0 = Release|iOS
		{ED927B89-2464-4B91-BCE0-184D6F99E957}.Release|Windows-ARM.ActiveCfg = Release|Windows-ARM
		{ED927B89-2464-4B91-BCE0-184D6F99E957}.Release|Windows-ARM.Build.0 = Release|Windows-ARM
		{ED927B89-2464-4B91-BCE0-184D6F99E957}.Release|Windows-ARM.Deploy.0 = Release|Windows-ARM
		{ED927B89-2464-4B91-BCE0-184D6F99E957}.Release|Windows-x64.ActiveCfg = Release|Windows-x64
		{ED927B89-2464-4B91-BCE0-184D6F99E957}.Release|Windows-x64.Build.0 = Release|Windows-x64
		{ED927B89-2464-4B91-BCE0-184D6F99E957}.Release|Windows-x64.Deploy.0 = Release|Windows-x64
		{ED927B89-2464-4B91-BCE0-184D6F99E957}.Release|Windows-x86.ActiveCfg = Release|Windows-x86
		{ED927B89-2464-4B91-BCE0-184D6F99E957}.Release|Windows-x86.Build.0 = Release|Windows-x86
		{ED927B89-2464-4B91-BCE0-184D6F99E957}.Release|Windows-x86.Deploy.0 = Release|Windows-x86
	EndGlobalSection
	GlobalSection(SolutionProperties) = preSolution
		HideSolutionNode = FALSE
	EndGlobalSection
	GlobalSection(ExtensibilityGlobals) = postSolution
		SolutionGuid = {153F5B10-F060-49D6-A734-14DC84D536FC}
	EndGlobalSection
EndGlobal
